
Microsoft Visual Studio Solution File, Format Version 12.00
# Visual Studio 15
VisualStudioVersion = 15.0.27428.2002
MinimumVisualStudioVersion = 10.0.40219.1
Project("{8BC9CEB8-8B4A-11D0-8D11-00A0C91BC942}") = "opencv", "opencv\opencv.vcxproj", "{A22458EE-1B90-454A-8867-CA4FAE5D7573}"
EndProject
Global
	GlobalSection(SolutionConfigurationPlatforms) = preSolution
		Debug|x64 = Debug|x64
		Debug|x86 = Debug|x86
		Release|x64 = Release|x64
		Release|x86 = Release|x86
	EndGlobalSection
	GlobalSection(ProjectConfigurationPlatforms) = postSolution
		{A22458EE-1B90-454A-8867-CA4FAE5D7573}.Debug|x64.ActiveCfg = Debug|x64
		{A22458EE-1B90-454A-8867-CA4FAE5D7573}.Debug|x64.Build.0 = Debug|x64
		{A22458EE-1B90-454A-8867-CA4FAE5D7573}.Debug|x86.ActiveCfg = Debug|Win32
		{A22458EE-1B90-454A-8867-CA4FAE5D7573}.Debug|x86.Build.0 = Debug|Win32
		{A22458EE-1B90-454A-8867-CA4FAE5D7573}.Release|x64.ActiveCfg = Release|x64
		{A22458EE-1B90-454A-8867-CA4FAE5D7573}.Release|x64.Build.0 = Release|x64
		{A22458EE-1B90-454A-8867-CA4FAE5D7573}.Release|x86.ActiveCfg = Release|Win32
		{A22458EE-1B90-454A-8867-CA4FAE5D7573}.Release|x86.Build.0 = Release|Win32
	EndGlobalSection
	GlobalSection(SolutionProperties) = preSolution
		HideSolutionNode = FALSE
	EndGlobalSection
	GlobalSection(ExtensibilityGlobals) = postSolution
		SolutionGuid = {77218B7E-14CD-49BD-B750-B1F58FDF1937}
	EndGlobalSection
EndGlobal
